
Microsoft Visual Studio Solution File, Format Version 12.00
# Visual Studio Version 16
VisualStudioVersion = 16.0.31005.135
MinimumVisualStudioVersion = 10.0.40219.1
Project("{FAE04EC0-301F-11D3-BF4B-00C04F79EFBC}") = "SqlMigrationToPostgres.MultipleResultsets", "SqlMigrationToPostgres.MultipleResultsets\SqlMigrationToPostgres.MultipleResultsets.csproj", "{562450AB-5A75-47EF-A6D0-FE98BB9779AE}"
EndProject
Global
	GlobalSection(SolutionConfigurationPlatforms) = preSolution
		Debug|Any CPU = Debug|Any CPU
		Release|Any CPU = Release|Any CPU
	EndGlobalSection
	GlobalSection(ProjectConfigurationPlatforms) = postSolution
		{562450AB-5A75-47EF-A6D0-FE98BB9779AE}.Debug|Any CPU.ActiveCfg = Debug|Any CPU
		{562450AB-5A75-47EF-A6D0-FE98BB9779AE}.Debug|Any CPU.Build.0 = Debug|Any CPU
		{562450AB-5A75-47EF-A6D0-FE98BB9779AE}.Release|Any CPU.ActiveCfg = Release|Any CPU
		{562450AB-5A75-47EF-A6D0-FE98BB9779AE}.Release|Any CPU.Build.0 = Release|Any CPU
	EndGlobalSection
	GlobalSection(SolutionProperties) = preSolution
		HideSolutionNode = FALSE
	EndGlobalSection
	GlobalSection(ExtensibilityGlobals) = postSolution
		SolutionGuid = {1CC03C64-7321-4AB0-BFD9-C764B7C49201}
	EndGlobalSection
EndGlobal
